
Microsoft Visual Studio Solution File, Format Version 12.00
# Visual Studio Version 17
VisualStudioVersion = 17.8.34309.116
MinimumVisualStudioVersion = 10.0.40219.1
Project("{150675D7-2692-4784-A669-0684B63923D7}") = "CutsceneCommandTweak", "TweakProvider\CutsceneCommandTweak.csproj", "{FED613B8-B19A-4CDF-90E9-18C242127238}"
EndProject
Global
	GlobalSection(SolutionConfigurationPlatforms) = preSolution
		Debug|x64 = Debug|x64
		Release|x64 = Release|x64
	EndGlobalSection
	GlobalSection(ProjectConfigurationPlatforms) = postSolution
		{FED613B8-B19A-4CDF-90E9-18C242127238}.Debug|x64.ActiveCfg = Debug|x64
		{FED613B8-B19A-4CDF-90E9-18C242127238}.Debug|x64.Build.0 = Debug|x64
		{FED613B8-B19A-4CDF-90E9-18C242127238}.Release|x64.ActiveCfg = Release|x64
		{FED613B8-B19A-4CDF-90E9-18C242127238}.Release|x64.Build.0 = Release|x64
	EndGlobalSection
	GlobalSection(SolutionProperties) = preSolution
		HideSolutionNode = FALSE
	EndGlobalSection
	GlobalSection(ExtensibilityGlobals) = postSolution
		SolutionGuid = {CB899CC4-D666-49FF-BDF4-556B1C43864B}
	EndGlobalSection
EndGlobal
